
Microsoft Visual Studio Solution File, Format Version 12.00
# Visual Studio Version 16
VisualStudioVersion = 16.0.32106.194
MinimumVisualStudioVersion = 10.0.40219.1
Project("{FAE04EC0-301F-11D3-BF4B-00C04F79EFBC}") = "zendenta", "zendenta.csproj", "{DEC6949A-604B-4F1E-99E3-CDE832D4C417}"
EndProject
Global
	GlobalSection(SolutionConfigurationPlatforms) = preSolution
		Debug|Any CPU = Debug|Any CPU
		Release|Any CPU = Release|Any CPU
	EndGlobalSection
	GlobalSection(ProjectConfigurationPlatforms) = postSolution
		{DEC6949A-604B-4F1E-99E3-CDE832D4C417}.Debug|Any CPU.ActiveCfg = Debug|Any CPU
		{DEC6949A-604B-4F1E-99E3-CDE832D4C417}.Debug|Any CPU.Build.0 = Debug|Any CPU
		{DEC6949A-604B-4F1E-99E3-CDE832D4C417}.Release|Any CPU.ActiveCfg = Release|Any CPU
		{DEC6949A-604B-4F1E-99E3-CDE832D4C417}.Release|Any CPU.Build.0 = Release|Any CPU
	EndGlobalSection
	GlobalSection(SolutionProperties) = preSolution
		HideSolutionNode = FALSE
	EndGlobalSection
	GlobalSection(ExtensibilityGlobals) = postSolution
		SolutionGuid = {D708C623-D136-4AFC-8B81-7FD8F4D39CE8}
	EndGlobalSection
EndGlobal
